{
  "name": "jodhpur-business-sites",
  "version": "1.0.0",
  "lockfileVersion": 3,
  "requires": true,
  "packages": {
    "": {
      "name": "jodhpur-business-sites",
      "version": "1.0.0",
      "dependencies": {
        "@fontsource/instrument-sans": "^5.2.8",
        "@fontsource/instrument-serif": "^5.2.8",
        "dotenv": "^16.4.7",
        "slugify": "^1.6.6"
      }
    },
    "node_modules/@fontsource/instrument-sans": {
      "version": "5.2.8",
      "resolved": "https://registry.npmjs.org/@fontsource/instrument-sans/-/instrument-sans-5.2.8.tgz",
      "integrity": "sha512-TJRYVbjZPx4DGMMU5lb5eFKrP3iLe9h7rz8Pk+dP958IZKiyHjYGXXwQZapVbBXcQN+YOiviVhAWxrjv8g6Z6g==",
      "license": "OFL-1.1",
      "funding": {
        "url": "https://github.com/sponsors/ayuhito"
      }
    },
    "node_modules/@fontsource/instrument-serif": {
      "version": "5.2.8",
      "resolved": "https://registry.npmjs.org/@fontsource/instrument-serif/-/instrument-serif-5.2.8.tgz",
      "integrity": "sha512-s+bkz+syj2rO00Rmq9g0P+PwuLig33DR1xDR8pTWmovH1pUjwnncrFk++q9mmOex8fUQ7oW80gPpPDaw7V1MMw==",
      "license": "OFL-1.1",
      "funding": {
        "url": "https://github.com/sponsors/ayuhito"
      }
    },
    "node_modules/dotenv": {
      "version": "16.6.1",
      "resolved": "https://registry.npmjs.org/dotenv/-/dotenv-16.6.1.tgz",
      "integrity": "sha512-uBq4egWHTcTt33a72vpSG0z3HnPuIl6NqYcTrKEg2azoEyl2hpW0zqlxysq2pK9HlDIHyHyakeYaYnSAwd8bow==",
      "license": "BSD-2-Clause",
      "engines": {
        "node": ">=12"
      },
      "funding": {
        "url": "https://dotenvx.com"
      }
    },
    "node_modules/slugify": {
      "version": "1.6.9",
      "resolved": "https://registry.npmjs.org/slugify/-/slugify-1.6.9.tgz",
      "integrity": "sha512-vZ7rfeehZui7wQs438JXBckYLkIIdfHOXsaVEUMyS5fHo1483l1bMdo0EDSWYclY0yZKFOipDy4KHuKs6ssvdg==",
      "license": "MIT",
      "engines": {
        "node": ">=8.0.0"
      }
    }
  }
}
